
Microsoft Visual Studio Solution File, Format Version 12.00
# Visual Studio Version 17
VisualStudioVersion = 17.0.31912.275
MinimumVisualStudioVersion = 10.0.40219.1
Project("{8BC9CEB8-8B4A-11D0-8D11-00A0C91BC942}") = "S5 2015", "S5 2015\S5 2015.vcxproj", "{E76732C5-39A0-41E5-85AD-4A8158CE99B8}"
EndProject
Global
	GlobalSection(SolutionConfigurationPlatforms) = preSolution
		Debug|x64 = Debug|x64
		Debug|x86 = Debug|x86
		Release|x64 = Release|x64
		Release|x86 = Release|x86
	EndGlobalSection
	GlobalSection(ProjectConfigurationPlatforms) = postSolution
		{E76732C5-39A0-41E5-85AD-4A8158CE99B8}.Debug|x64.ActiveCfg = Debug|x64
		{E76732C5-39A0-41E5-85AD-4A8158CE99B8}.Debug|x64.Build.0 = Debug|x64
		{E76732C5-39A0-41E5-85AD-4A8158CE99B8}.Debug|x86.ActiveCfg = Debug|Win32
		{E76732C5-39A0-41E5-85AD-4A8158CE99B8}.Debug|x86.Build.0 = Debug|Win32
		{E76732C5-39A0-41E5-85AD-4A8158CE99B8}.Release|x64.ActiveCfg = Release|x64
		{E76732C5-39A0-41E5-85AD-4A8158CE99B8}.Release|x64.Build.0 = Release|x64
		{E76732C5-39A0-41E5-85AD-4A8158CE99B8}.Release|x86.ActiveCfg = Release|Win32
		{E76732C5-39A0-41E5-85AD-4A8158CE99B8}.Release|x86.Build.0 = Release|Win32
	EndGlobalSection
	GlobalSection(SolutionProperties) = preSolution
		HideSolutionNode = FALSE
	EndGlobalSection
	GlobalSection(ExtensibilityGlobals) = postSolution
		SolutionGuid = {40FEE86E-9DEA-48F2-8135-D17625C8B208}
	EndGlobalSection
EndGlobal
